
Microsoft Visual Studio Solution File, Format Version 12.00
# Visual Studio Version 17
VisualStudioVersion = 17.11.35303.130
MinimumVisualStudioVersion = 10.0.40219.1
Project("{FAE04EC0-301F-11D3-BF4B-00C04F79EFBC}") = "AnalyticsService", "AnalyticsService.csproj", "{69F119B3-47A5-48FA-9AA2-21BBA13E7B38}"
EndProject
Global
	GlobalSection(SolutionConfigurationPlatforms) = preSolution
		Debug|Any CPU = Debug|Any CPU
		Release|Any CPU = Release|Any CPU
	EndGlobalSection
	GlobalSection(ProjectConfigurationPlatforms) = postSolution
		{69F119B3-47A5-48FA-9AA2-21BBA13E7B38}.Debug|Any CPU.ActiveCfg = Debug|Any CPU
		{69F119B3-47A5-48FA-9AA2-21BBA13E7B38}.Debug|Any CPU.Build.0 = Debug|Any CPU
		{69F119B3-47A5-48FA-9AA2-21BBA13E7B38}.Release|Any CPU.ActiveCfg = Release|Any CPU
		{69F119B3-47A5-48FA-9AA2-21BBA13E7B38}.Release|Any CPU.Build.0 = Release|Any CPU
	EndGlobalSection
	GlobalSection(SolutionProperties) = preSolution
		HideSolutionNode = FALSE
	EndGlobalSection
	GlobalSection(ExtensibilityGlobals) = postSolution
		SolutionGuid = {9F568B4A-05BF-4E54-8FD4-8023103D8A83}
	EndGlobalSection
EndGlobal
